{
  "name": "johnsons-relative-weights",
  "version": "1.0.3",
  "lockfileVersion": 1,
  "requires": true,
  "dependencies": {
    "complex.js": {
      "version": "2.0.12",
      "resolved": "https://registry.npmjs.org/complex.js/-/complex.js-2.0.12.tgz",
      "integrity": "sha512-oQX99fwL6LrTVg82gDY1dIWXy6qZRnRL35N+YhIX0N7tSwsa0KFy6IEMHTNuCW4mP7FS7MEqZ/2I/afzYwPldw=="
    },
    "decimal.js": {
      "version": "10.2.1",
      "resolved": "https://registry.npmjs.org/decimal.js/-/decimal.js-10.2.1.tgz",
      "integrity": "sha512-KaL7+6Fw6i5A2XSnsbhm/6B+NuEA7TZ4vqxnd5tXz9sbKtrN9Srj8ab4vKVdK8YAqZO9P1kg45Y6YLoduPf+kw=="
    },
    "escape-latex": {
      "version": "1.2.0",
      "resolved": "https://registry.npmjs.org/escape-latex/-/escape-latex-1.2.0.tgz",
      "integrity": "sha512-nV5aVWW1K0wEiUIEdZ4erkGGH8mDxGyxSeqPzRNtWP7ataw+/olFObw7hujFWlVjNsaDFw5VZ5NzVSIqRgfTiw=="
    },
    "fraction.js": {
      "version": "4.0.13",
      "resolved": "https://registry.npmjs.org/fraction.js/-/fraction.js-4.0.13.tgz",
      "integrity": "sha512-E1fz2Xs9ltlUp+qbiyx9wmt2n9dRzPsS11Jtdb8D2o+cC7wr9xkkKsVKJuBX0ST+LVS+LhLO+SbLJNtfWcJvXA=="
    },
    "is-any-array": {
      "version": "0.0.3",
      "resolved": "https://registry.npmjs.org/is-any-array/-/is-any-array-0.0.3.tgz",
      "integrity": "sha512-Lr5SRykZv6uuYMZURz7+YpigT1ziTBHOTgFJ1zK7gL+9Wbet5Ha1ws6S84Jo/lH4zep02b95sk6o4+MTk97mPQ=="
    },
    "javascript-natural-sort": {
      "version": "0.7.1",
      "resolved": "https://registry.npmjs.org/javascript-natural-sort/-/javascript-natural-sort-0.7.1.tgz",
      "integrity": "sha1-+eIwPUUH9tdDVac2ZNFED7Wg71k="
    },
    "mathjs": {
      "version": "7.5.1",
      "resolved": "https://registry.npmjs.org/mathjs/-/mathjs-7.5.1.tgz",
      "integrity": "sha512-H2q/Dq0qxBLMw+G84SSXmGqo/znihuxviGgAQwAcyeFLwK2HksvSGNx4f3dllZF51bWOnu2op60VZxH2Sb51Pw==",
      "requires": {
        "complex.js": "^2.0.11",
        "decimal.js": "^10.2.1",
        "escape-latex": "^1.2.0",
        "fraction.js": "^4.0.12",
        "javascript-natural-sort": "^0.7.1",
        "seed-random": "^2.2.0",
        "tiny-emitter": "^2.1.0",
        "typed-function": "^2.0.0"
      }
    },
    "ml-array-max": {
      "version": "1.1.2",
      "resolved": "https://registry.npmjs.org/ml-array-max/-/ml-array-max-1.1.2.tgz",
      "integrity": "sha512-it2hYUSuYEwIRO6hjTWfe6gbGutF4Tuct7jxt3LiLE4wKFs6ku5FLNIRKtOL2jyH+Jdwt1ddbqKMX8inBM8RxA==",
      "requires": {
        "is-any-array": "^0.0.3"
      }
    },
    "ml-array-min": {
      "version": "1.1.2",
      "resolved": "https://registry.npmjs.org/ml-array-min/-/ml-array-min-1.1.2.tgz",
      "integrity": "sha512-92QzvsyK7TxGz618pno6bu0LXYcRKssbimP85qRllk2xX5Z4gnVxlOmrMjSerUut9zzbt1eQB4byXNCwT0vgwA==",
      "requires": {
        "is-any-array": "^0.0.3"
      }
    },
    "ml-array-rescale": {
      "version": "1.2.2",
      "resolved": "https://registry.npmjs.org/ml-array-rescale/-/ml-array-rescale-1.2.2.tgz",
      "integrity": "sha512-Ijo4LegOUIQjv231y8g2/n9vyKA/CczJz3pR+zZ0TeZrqEVRs1uW4AjpbkN/01QplTI46ranMJa51L0g3VbQEg==",
      "requires": {
        "is-any-array": "^0.0.3",
        "ml-array-max": "^1.1.2",
        "ml-array-min": "^1.1.2"
      }
    },
    "ml-matrix": {
      "version": "6.4.1",
      "resolved": "https://registry.npmjs.org/ml-matrix/-/ml-matrix-6.4.1.tgz",
      "integrity": "sha512-YZ6lLRhk80B2zJSC0bKocnHbpxCdXFKWb6A7QTDztf5ob2qL1g/5AYNAuDtCQgbZtW1wwFZbjXbDgk/UdiO3Uw==",
      "requires": {
        "ml-array-rescale": "^1.2.2"
      }
    },
    "seed-random": {
      "version": "2.2.0",
      "resolved": "https://registry.npmjs.org/seed-random/-/seed-random-2.2.0.tgz",
      "integrity": "sha1-KpsZ4lCoFwmSMaW5mk2vgLf77VQ="
    },
    "tiny-emitter": {
      "version": "2.1.0",
      "resolved": "https://registry.npmjs.org/tiny-emitter/-/tiny-emitter-2.1.0.tgz",
      "integrity": "sha512-NB6Dk1A9xgQPMoGqC5CVXn123gWyte215ONT5Pp5a0yt4nlEoO1ZWeCwpncaekPHXO60i47ihFnZPiRPjRMq4Q=="
    },
    "typed-function": {
      "version": "2.0.0",
      "resolved": "https://registry.npmjs.org/typed-function/-/typed-function-2.0.0.tgz",
      "integrity": "sha512-Hhy1Iwo/e4AtLZNK10ewVVcP2UEs408DS35ubP825w/YgSBK1KVLwALvvIG4yX75QJrxjCpcWkzkVRB0BwwYlA=="
    }
  }
}
